
Microsoft Visual Studio Solution File, Format Version 11.00
# Visual Studio 2010
Project("{FAE04EC0-301F-11D3-BF4B-00C04F79EFBC}") = "umundo.s11n", "umundo.s11n\umundo.s11n.csproj", "{913929A0-AF09-4913-A8F7-66F0997EAF92}"
EndProject
Global
	GlobalSection(SolutionConfigurationPlatforms) = preSolution
		Debug|Any CPU = Debug|Any CPU
		Release|Any CPU = Release|Any CPU
	EndGlobalSection
	GlobalSection(ProjectConfigurationPlatforms) = postSolution
		{913929A0-AF09-4913-A8F7-66F0997EAF92}.Debug|Any CPU.ActiveCfg = Debug|Any CPU
		{913929A0-AF09-4913-A8F7-66F0997EAF92}.Debug|Any CPU.Build.0 = Debug|Any CPU
		{913929A0-AF09-4913-A8F7-66F0997EAF92}.Release|Any CPU.ActiveCfg = Release|Any CPU
		{913929A0-AF09-4913-A8F7-66F0997EAF92}.Release|Any CPU.Build.0 = Release|Any CPU
	EndGlobalSection
	GlobalSection(SolutionProperties) = preSolution
		HideSolutionNode = FALSE
	EndGlobalSection
EndGlobal
