
Microsoft Visual Studio Solution File, Format Version 11.00
# Visual Studio 2010
Project("{FAE04EC0-301F-11D3-BF4B-00C04F79EFBC}") = "umundo-s11n-stress", "umundo-s11n-stress\umundo-s11n-stress.csproj", "{822FC112-D7A9-42A7-AE7D-F5D660D0DEBA}"
EndProject
Global
	GlobalSection(SolutionConfigurationPlatforms) = preSolution
		Debug|x86 = Debug|x86
		Release|x86 = Release|x86
	EndGlobalSection
	GlobalSection(ProjectConfigurationPlatforms) = postSolution
		{822FC112-D7A9-42A7-AE7D-F5D660D0DEBA}.Debug|x86.ActiveCfg = Debug|x86
		{822FC112-D7A9-42A7-AE7D-F5D660D0DEBA}.Debug|x86.Build.0 = Debug|x86
		{822FC112-D7A9-42A7-AE7D-F5D660D0DEBA}.Release|x86.ActiveCfg = Release|x86
		{822FC112-D7A9-42A7-AE7D-F5D660D0DEBA}.Release|x86.Build.0 = Release|x86
	EndGlobalSection
	GlobalSection(SolutionProperties) = preSolution
		HideSolutionNode = FALSE
	EndGlobalSection
EndGlobal
